
Microsoft Visual Studio Solution File, Format Version 12.00
# Visual Studio Version 17
VisualStudioVersion = 17.4.33122.133
MinimumVisualStudioVersion = 10.0.40219.1
Project("{FAE04EC0-301F-11D3-BF4B-00C04F79EFBC}") = "DadJokes.Web", "DadJokes.Web\DadJokes.Web.csproj", "{E3E1EB58-67D4-404C-B515-060E6F3FE31D}"
EndProject
Global
	GlobalSection(SolutionConfigurationPlatforms) = preSolution
		Debug|Any CPU = Debug|Any CPU
		Release|Any CPU = Release|Any CPU
	EndGlobalSection
	GlobalSection(ProjectConfigurationPlatforms) = postSolution
		{E3E1EB58-67D4-404C-B515-060E6F3FE31D}.Debug|Any CPU.ActiveCfg = Debug|Any CPU
		{E3E1EB58-67D4-404C-B515-060E6F3FE31D}.Debug|Any CPU.Build.0 = Debug|Any CPU
		{E3E1EB58-67D4-404C-B515-060E6F3FE31D}.Release|Any CPU.ActiveCfg = Release|Any CPU
		{E3E1EB58-67D4-404C-B515-060E6F3FE31D}.Release|Any CPU.Build.0 = Release|Any CPU
	EndGlobalSection
	GlobalSection(SolutionProperties) = preSolution
		HideSolutionNode = FALSE
	EndGlobalSection
	GlobalSection(ExtensibilityGlobals) = postSolution
		SolutionGuid = {D0706353-539F-415E-B7CF-B679904FB9DD}
	EndGlobalSection
EndGlobal
